// !$*UTF8*$!
{
	archiveVersion = 1;
	classes = {
	};
	objectVersion = 50;
	objects = {

/* Begin PBXBuildFile section */
		613DBEE4247696430069869A /* AppDelegate.swift in Sources */ = {isa = PBXBuildFile; fileRef = 613DBEE3247696430069869A /* AppDelegate.swift */; };
		613DBEE6247696430069869A /* SceneDelegate.swift in Sources */ = {isa = PBXBuildFile; fileRef = 613DBEE5247696430069869A /* SceneDelegate.swift */; };
		613DBEE8247696430069869A /* ContentView.swift in Sources */ = {isa = PBXBuildFile; fileRef = 613DBEE7247696430069869A /* ContentView.swift */; };
		613DBEEA247696450069869A /* Assets.xcassets in Resources */ = {isa = PBXBuildFile; fileRef = 613DBEE9247696450069869A /* Assets.xcassets */; };
		613DBEED247696450069869A /* Preview Assets.xcassets in Resources */ = {isa = PBXBuildFile; fileRef = 613DBEEC247696450069869A /* Preview Assets.xcassets */; };
		613DBEF0247696450069869A /* LaunchScreen.storyboard in Resources */ = {isa = PBXBuildFile; fileRef = 613DBEEE247696450069869A /* LaunchScreen.storyboard */; };
		613DBEF82476982A0069869A /* ShapeView.swift in Sources */ = {isa = PBXBuildFile; fileRef = 613DBEF72476982A0069869A /* ShapeView.swift */; };
/* End PBXBuildFile section */

/* Begin PBXFileReference section */
		613DBEE0247696430069869A /* SwiftUI_DrawingCustomViews.app */ = {isa = PBXFileReference; explicitFileType = wrapper.application; includeInIndex = 0; path = SwiftUI_DrawingCustomViews.app; sourceTree = BUILT_PRODUCTS_DIR; };
		613DBEE3247696430069869A /* AppDelegate.swift */ = {isa = PBXFileReference; lastKnownFileType = sourcecode.swift; path = AppDelegate.swift; sourceTree = "<group>"; };
		613DBEE5247696430069869A /* SceneDelegate.swift */ = {isa = PBXFileReference; lastKnownFileType = sourcecode.swift; path = SceneDelegate.swift; sourceTree = "<group>"; };
		613DBEE7247696430069869A /* ContentView.swift */ = {isa = PBXFileReference; lastKnownFileType = sourcecode.swift; path = ContentView.swift; sourceTree = "<group>"; };
		613DBEE9247696450069869A /* Assets.xcassets */ = {isa = PBXFileReference; lastKnownFileType = folder.assetcatalog; path = Assets.xcassets; sourceTree = "<group>"; };
		613DBEEC247696450069869A /* Preview Assets.xcassets */ = {isa = PBXFileReference; lastKnownFileType = folder.assetcatalog; path = "Preview Assets.xcassets"; sourceTree = "<group>"; };
		613DBEEF247696450069869A /* Base */ = {isa = PBXFileReference; lastKnownFileType = file.storyboard; name = Base; path = Base.lproj/LaunchScreen.storyboard; sourceTree = "<group>"; };
		613DBEF1247696450069869A /* Info.plist */ = {isa = PBXFileReference; lastKnownFileType = text.plist.xml; path = Info.plist; sourceTree = "<group>"; };
		613DBEF72476982A0069869A /* ShapeView.swift */ = {isa = PBXFileReference; lastKnownFileType = sourcecode.swift; path = ShapeView.swift; sourceTree = "<group>"; };
/* End PBXFileReference section */

/* Begin PBXFrameworksBuildPhase section */
		613DBEDD247696430069869A /* Frameworks */ = {
			isa = PBXFrameworksBuildPhase;
			buildActionMask = 2147483647;
			files = (
			);
			runOnlyForDeploymentPostprocessing = 0;
		};
/* End PBXFrameworksBuildPhase section */

/* Begin PBXGroup section */
		613DBED7247696430069869A = {
			isa = PBXGroup;
			children = (
				613DBEE2247696430069869A /* SwiftUI_DrawingCustomViews */,
				613DBEE1247696430069869A /* Products */,
			);
			sourceTree = "<group>";
		};
		613DBEE1247696430069869A /* Products */ = {
			isa = PBXGroup;
			children = (
				613DBEE0247696430069869A /* SwiftUI_DrawingCustomViews.app */,
			);
			name = Products;
			sourceTree = "<group>";
		};
		613DBEE2247696430069869A /* SwiftUI_DrawingCustomViews */ = {
			isa = PBXGroup;
			children = (
				613DBEE3247696430069869A /* AppDelegate.swift */,
				613DBEE5247696430069869A /* SceneDelegate.swift */,
				613DBEE7247696430069869A /* ContentView.swift */,
				613DBEF72476982A0069869A /* ShapeView.swift */,
				613DBEE9247696450069869A /* Assets.xcassets */,
				613DBEEE247696450069869A /* LaunchScreen.storyboard */,
				613DBEF1247696450069869A /* Info.plist */,
				613DBEEB247696450069869A /* Preview Content */,
			);
			path = SwiftUI_DrawingCustomViews;
			sourceTree = "<group>";
		};
		613DBEEB247696450069869A /* Preview Content */ = {
			isa = PBXGroup;
			children = (
				613DBEEC247696450069869A /* Preview Assets.xcassets */,
			);
			path = "Preview Content";
			sourceTree = "<group>";
		};
/* End PBXGroup section */

/* Begin PBXNativeTarget section */
		613DBEDF247696430069869A /* SwiftUI_DrawingCustomViews */ = {
			isa = PBXNativeTarget;
			buildConfigurationList = 613DBEF4247696450069869A /* Build configuration list for PBXNativeTarget "SwiftUI_DrawingCustomViews" */;
			buildPhases = (
				613DBEDC247696430069869A /* Sources */,
				613DBEDD247696430069869A /* Frameworks */,
				613DBEDE247696430069869A /* Resources */,
			);
			buildRules = (
			);
			dependencies = (
			);
			name = SwiftUI_DrawingCustomViews;
			productName = SwiftUI_DrawingCustomViews;
			productReference = 613DBEE0247696430069869A /* SwiftUI_DrawingCustomViews.app */;
			productType = "com.apple.product-type.application";
		};
/* End PBXNativeTarget section */

/* Begin PBXProject section */
		613DBED8247696430069869A /* Project object */ = {
			isa = PBXProject;
			attributes = {
				LastSwiftUpdateCheck = 1130;
				LastUpgradeCheck = 1130;
				ORGANIZATIONNAME = "mohamed  habib";
				TargetAttributes = {
					613DBEDF247696430069869A = {
						CreatedOnToolsVersion = 11.3.1;
					};
				};
			};
			buildConfigurationList = 613DBEDB247696430069869A /* Build configuration list for PBXProject "SwiftUI_DrawingCustomViews" */;
			compatibilityVersion = "Xcode 9.3";
			developmentRegion = en;
			hasScannedForEncodings = 0;
			knownRegions = (
				en,
				Base,
			);
			mainGroup = 613DBED7247696430069869A;
			productRefGroup = 613DBEE1247696430069869A /* Products */;
			projectDirPath = "";
			projectRoot = "";
			targets = (
				613DBEDF247696430069869A /* SwiftUI_DrawingCustomViews */,
			);
		};
/* End PBXProject section */

/* Begin PBXResourcesBuildPhase section */
		613DBEDE247696430069869A /* Resources */ = {
			isa = PBXResourcesBuildPhase;
			buildActionMask = 2147483647;
			files = (
				613DBEF0247696450069869A /* LaunchScreen.storyboard in Resources */,
				613DBEED247696450069869A /* Preview Assets.xcassets in Resources */,
				613DBEEA247696450069869A /* Assets.xcassets in Resources */,
			);
			runOnlyForDeploymentPostprocessing = 0;
		};
/* End PBXResourcesBuildPhase section */

/* Begin PBXSourcesBuildPhase section */
		613DBEDC247696430069869A /* Sources */ = {
			isa = PBXSourcesBuildPhase;
			buildActionMask = 2147483647;
			files = (
				613DBEE4247696430069869A /* AppDelegate.swift in Sources */,
				613DBEE6247696430069869A /* SceneDelegate.swift in Sources */,
				613DBEF82476982A0069869A /* ShapeView.swift in Sources */,
				613DBEE8247696430069869A /* ContentView.swift in Sources */,
			);
			runOnlyForDeploymentPostprocessing = 0;
		};
/* End PBXSourcesBuildPhase section */

/* Begin PBXVariantGroup section */
		613DBEEE247696450069869A /* LaunchScreen.storyboard */ = {
			isa = PBXVariantGroup;
			children = (
				613DBEEF247696450069869A /* Base */,
			);
			name = LaunchScreen.storyboard;
			sourceTree = "<group>";
		};
/* End PBXVariantGroup section */

/* Begin XCBuildConfiguration section */
		613DBEF2247696450069869A /* Debug */ = {
			isa = XCBuildConfiguration;
			buildSettings = {
				ALWAYS_SEARCH_USER_PATHS = NO;
				CLANG_ANALYZER_NONNULL = YES;
				CLANG_ANALYZER_NUMBER_OBJECT_CONVERSION = YES_AGGRESSIVE;
				CLANG_CXX_LANGUAGE_STANDARD = "gnu++14";
				CLANG_CXX_LIBRARY = "libc++";
				CLANG_ENABLE_MODULES = YES;
				CLANG_ENABLE_OBJC_ARC = YES;
				CLANG_ENABLE_OBJC_WEAK = YES;
				CLANG_WARN_BLOCK_CAPTURE_AUTORELEASING = YES;
				CLANG_WARN_BOOL_CONVERSION = YES;
				CLANG_WARN_COMMA = YES;
				CLANG_WARN_CONSTANT_CONVERSION = YES;
				CLANG_WARN_DEPRECATED_OBJC_IMPLEMENTATIONS = YES;
				CLANG_WARN_DIRECT_OBJC_ISA_USAGE = YES_ERROR;
				CLANG_WARN_DOCUMENTATION_COMMENTS = YES;
				CLANG_WARN_EMPTY_BODY = YES;
				CLANG_WARN_ENUM_CONVERSION = YES;
				CLANG_WARN_INFINITE_RECURSION = YES;
				CLANG_WARN_INT_CONVERSION = YES;
				CLANG_WARN_NON_LITERAL_NULL_CONVERSION = YES;
				CLANG_WARN_OBJC_IMPLICIT_RETAIN_SELF = YES;
				CLANG_WARN_OBJC_LITERAL_CONVERSION = YES;
				CLANG_WARN_OBJC_ROOT_CLASS = YES_ERROR;
				CLANG_WARN_RANGE_LOOP_ANALYSIS = YES;
				CLANG_WARN_STRICT_PROTOTYPES = YES;
				CLANG_WARN_SUSPICIOUS_MOVE = YES;
				CLANG_WARN_UNGUARDED_AVAILABILITY = YES_AGGRESSIVE;
				CLANG_WARN_UNREACHABLE_CODE = YES;
				CLANG_WARN__DUPLICATE_METHOD_MATCH = YES;
				COPY_PHASE_STRIP = NO;
				DEBUG_INFORMATION_FORMAT = dwarf;
				ENABLE_STRICT_OBJC_MSGSEND = YES;
				ENABLE_TESTABILITY = YES;
				GCC_C_LANGUAGE_STANDARD = gnu11;
				GCC_DYNAMIC_NO_PIC = NO;
				GCC_NO_COMMON_BLOCKS = YES;
				GCC_OPTIMIZATION_LEVEL = 0;
				GCC_PREPROCESSOR_DEFINITIONS = (
					"DEBUG=1",
					"$(inherited)",
				);
				GCC_WARN_64_TO_32_BIT_CONVERSION = YES;
				GCC_WARN_ABOUT_RETURN_TYPE = YES_ERROR;
				GCC_WARN_UNDECLARED_SELECTOR = YES;
				GCC_WARN_UNINITIALIZED_AUTOS = YES_AGGRESSIVE;
				GCC_WARN_UNUSED_FUNCTION = YES;
				GCC_WARN_UNUSED_VARIABLE = YES;
				IPHONEOS_DEPLOYMENT_TARGET = 13.2;
				MTL_ENABLE_DEBUG_INFO = INCLUDE_SOURCE;
				MTL_FAST_MATH = YES;
				ONLY_ACTIVE_ARCH = YES;
				SDKROOT = iphoneos;
				SWIFT_ACTIVE_COMPILATION_CONDITIONS = DEBUG;
				SWIFT_OPTIMIZATION_LEVEL = "-Onone";
			};
			name = Debug;
		};
		613DBEF3247696450069869A /* Release */ = {
			isa = XCBuildConfiguration;
			buildSettings = {
				ALWAYS_SEARCH_USER_PATHS = NO;
				CLANG_ANALYZER_NONNULL = YES;
				CLANG_ANALYZER_NUMBER_OBJECT_CONVERSION = YES_AGGRESSIVE;
				CLANG_CXX_LANGUAGE_STANDARD = "gnu++14";
				CLANG_CXX_LIBRARY = "libc++";
				CLANG_ENABLE_MODULES = YES;
				CLANG_ENABLE_OBJC_ARC = YES;
				CLANG_ENABLE_OBJC_WEAK = YES;
				CLANG_WARN_BLOCK_CAPTURE_AUTORELEASING = YES;
				CLANG_WARN_BOOL_CONVERSION = YES;
				CLANG_WARN_COMMA = YES;
				CLANG_WARN_CONSTANT_CONVERSION = YES;
				CLANG_WARN_DEPRECATED_OBJC_IMPLEMENTATIONS = YES;
				CLANG_WARN_DIRECT_OBJC_ISA_USAGE = YES_ERROR;
				CLANG_WARN_DOCUMENTATION_COMMENTS = YES;
				CLANG_WARN_EMPTY_BODY = YES;
				CLANG_WARN_ENUM_CONVERSION = YES;
				CLANG_WARN_INFINITE_RECURSION = YES;
				CLANG_WARN_INT_CONVERSION = YES;
				CLANG_WARN_NON_LITERAL_NULL_CONVERSION = YES;
				CLANG_WARN_OBJC_IMPLICIT_RETAIN_SELF = YES;
				CLANG_WARN_OBJC_LITERAL_CONVERSION = YES;
				CLANG_WARN_OBJC_ROOT_CLASS = YES_ERROR;
				CLANG_WARN_RANGE_LOOP_ANALYSIS = YES;
				CLANG_WARN_STRICT_PROTOTYPES = YES;
				CLANG_WARN_SUSPICIOUS_MOVE = YES;
				CLANG_WARN_UNGUARDED_AVAILABILITY = YES_AGGRESSIVE;
				CLANG_WARN_UNREACHABLE_CODE = YES;
				CLANG_WARN__DUPLICATE_METHOD_MATCH = YES;
				COPY_PHASE_STRIP = NO;
				DEBUG_INFORMATION_FORMAT = "dwarf-with-dsym";
				ENABLE_NS_ASSERTIONS = NO;
				ENABLE_STRICT_OBJC_MSGSEND = YES;
				GCC_C_LANGUAGE_STANDARD = gnu11;
				GCC_NO_COMMON_BLOCKS = YES;
				GCC_WARN_64_TO_32_BIT_CONVERSION = YES;
				GCC_WARN_ABOUT_RETURN_TYPE = YES_ERROR;
				GCC_WARN_UNDECLARED_SELECTOR = YES;
				GCC_WARN_UNINITIALIZED_AUTOS = YES_AGGRESSIVE;
				GCC_WARN_UNUSED_FUNCTION = YES;
				GCC_WARN_UNUSED_VARIABLE = YES;
				IPHONEOS_DEPLOYMENT_TARGET = 13.2;
				MTL_ENABLE_DEBUG_INFO = NO;
				MTL_FAST_MATH = YES;
				SDKROOT = iphoneos;
				SWIFT_COMPILATION_MODE = wholemodule;
				SWIFT_OPTIMIZATION_LEVEL = "-O";
				VALIDATE_PRODUCT = YES;
			};
			name = Release;
		};
		613DBEF5247696450069869A /* Debug */ = {
			isa = XCBuildConfiguration;
			buildSettings = {
				ASSETCATALOG_COMPILER_APPICON_NAME = AppIcon;
				CODE_SIGN_STYLE = Automatic;
				DEVELOPMENT_ASSET_PATHS = "\"SwiftUI_DrawingCustomViews/Preview Content\"";
				DEVELOPMENT_TEAM = W4M7279BBQ;
				ENABLE_PREVIEWS = YES;
				INFOPLIST_FILE = SwiftUI_DrawingCustomViews/Info.plist;
				LD_RUNPATH_SEARCH_PATHS = (
					"$(inherited)",
					"@executable_path/Frameworks",
				);
				PRODUCT_BUNDLE_IDENTIFIER = "jaberi.SwiftUI-DrawingCustomViews";
				PRODUCT_NAME = "$(TARGET_NAME)";
				SWIFT_VERSION = 5.0;
				TARGETED_DEVICE_FAMILY = "1,2";
			};
			name = Debug;
		};
		613DBEF6247696450069869A /* Release */ = {
			isa = XCBuildConfiguration;
			buildSettings = {
				ASSETCATALOG_COMPILER_APPICON_NAME = AppIcon;
				CODE_SIGN_STYLE = Automatic;
				DEVELOPMENT_ASSET_PATHS = "\"SwiftUI_DrawingCustomViews/Preview Content\"";
				DEVELOPMENT_TEAM = W4M7279BBQ;
				ENABLE_PREVIEWS = YES;
				INFOPLIST_FILE = SwiftUI_DrawingCustomViews/Info.plist;
				LD_RUNPATH_SEARCH_PATHS = (
					"$(inherited)",
					"@executable_path/Frameworks",
				);
				PRODUCT_BUNDLE_IDENTIFIER = "jaberi.SwiftUI-DrawingCustomViews";
				PRODUCT_NAME = "$(TARGET_NAME)";
				SWIFT_VERSION = 5.0;
				TARGETED_DEVICE_FAMILY = "1,2";
			};
			name = Release;
		};
/* End XCBuildConfiguration section */

/* Begin XCConfigurationList section */
		613DBEDB247696430069869A /* Build configuration list for PBXProject "SwiftUI_DrawingCustomViews" */ = {
			isa = XCConfigurationList;
			buildConfigurations = (
				613DBEF2247696450069869A /* Debug */,
				613DBEF3247696450069869A /* Release */,
			);
			defaultConfigurationIsVisible = 0;
			defaultConfigurationName = Release;
		};
		613DBEF4247696450069869A /* Build configuration list for PBXNativeTarget "SwiftUI_DrawingCustomViews" */ = {
			isa = XCConfigurationList;
			buildConfigurations = (
				613DBEF5247696450069869A /* Debug */,
				613DBEF6247696450069869A /* Release */,
			);
			defaultConfigurationIsVisible = 0;
			defaultConfigurationName = Release;
		};
/* End XCConfigurationList section */
	};
	rootObject = 613DBED8247696430069869A /* Project object */;
}
